
Microsoft Visual Studio Solution File, Format Version 12.00
# Visual Studio Version 16
VisualStudioVersion = 16.0.31624.102
MinimumVisualStudioVersion = 10.0.40219.1
Project("{FAE04EC0-301F-11D3-BF4B-00C04F79EFBC}") = "HeThongTinTuc", "HeThongTinTuc\HeThongTinTuc.csproj", "{243700A6-F37F-4B57-B6CD-666A984A9374}"
EndProject
Global
	GlobalSection(SolutionConfigurationPlatforms) = preSolution
		Debug|Any CPU = Debug|Any CPU
		Release|Any CPU = Release|Any CPU
	EndGlobalSection
	GlobalSection(ProjectConfigurationPlatforms) = postSolution
		{243700A6-F37F-4B57-B6CD-666A984A9374}.Debug|Any CPU.ActiveCfg = Debug|Any CPU
		{243700A6-F37F-4B57-B6CD-666A984A9374}.Debug|Any CPU.Build.0 = Debug|Any CPU
		{243700A6-F37F-4B57-B6CD-666A984A9374}.Release|Any CPU.ActiveCfg = Release|Any CPU
		{243700A6-F37F-4B57-B6CD-666A984A9374}.Release|Any CPU.Build.0 = Release|Any CPU
	EndGlobalSection
	GlobalSection(SolutionProperties) = preSolution
		HideSolutionNode = FALSE
	EndGlobalSection
	GlobalSection(ExtensibilityGlobals) = postSolution
		SolutionGuid = {1E9791D4-E0F4-4D11-9678-96670465AC12}
	EndGlobalSection
EndGlobal
